{
    "_readme": [
        "This file locks the dependencies of your project to a known state",
        "Read more about it at https://getcomposer.org/doc/01-basic-usage.md#installing-dependencies",
        "This file is @generated automatically"
    ],
    "content-hash": "69126e672224479fb50a7bc6f4e6d2e7",
    "packages": [
        {
            "name": "dlunire/dlauth",
            "version": "v2.0.0",
            "source": {
                "type": "git",
                "url": "https://github.com/dlunire/dlauth.git",
                "reference": "ffb6cb1120e7a6294592299a88846e2f345fed66"
            },
            "dist": {
                "type": "zip",
                "url": "https://api.github.com/repos/dlunire/dlauth/zipball/ffb6cb1120e7a6294592299a88846e2f345fed66",
                "reference": "ffb6cb1120e7a6294592299a88846e2f345fed66",
                "shasum": ""
            },
            "type": "library",
            "autoload": {
                "psr-4": {
                    "DLAuth\\": "sources/"
                }
            },
            "notification-url": "https://packagist.org/downloads/",
            "license": [
                "MIT"
            ],
            "authors": [
                {
                    "name": "David E. Luna M.",
                    "email": "info@dlunire.dev",
                    "homepage": "https://dlunire.dev",
                    "role": "Founder & Software Developer"
                }
            ],
            "description": "Biblioteca de autenticación para DLUnire.",
            "homepage": "https://dlunire.dev",
            "support": {
                "issues": "https://github.com/dlunire/dlauth/issues",
                "source": "https://github.com/dlunire/dlauth/tree/v2.0.0"
            },
            "time": "2026-08-31T12:59:49+00:00"
        },
        {
            "name": "imagine/imagine",
            "version": "1.5.4",
            "source": {
                "type": "git",
                "url": "https://github.com/php-imagine/Imagine.git",
                "reference": "dd57a4c290ff4d223d17bcd219dac9ac8bf1cc16"
            },
            "dist": {
                "type": "zip",
                "url": "https://api.github.com/repos/php-imagine/Imagine/zipball/dd57a4c290ff4d223d17bcd219dac9ac8bf1cc16",
                "reference": "dd57a4c290ff4d223d17bcd219dac9ac8bf1cc16",
                "shasum": ""
            },
            "require": {
                "php": ">=7.1"
            },
            "require-dev": {
                "phpunit/phpunit": "^4.8 || ^5.7 || ^6.5 || ^7.5 || ^8.4 || ^9.3"
            },
            "suggest": {
                "ext-exif": "to read EXIF metadata",
                "ext-gd": "to use the GD implementation",
                "ext-gmagick": "to use the Gmagick implementation",
                "ext-imagick": "to use the Imagick implementation"
            },
            "type": "library",
            "extra": {
                "branch-alias": {
                    "dev-develop": "1.x-dev"
                }
            },
            "autoload": {
                "psr-4": {
                    "Imagine\\": "src/"
                }
            },
            "notification-url": "https://packagist.org/downloads/",
            "license": [
                "MIT"
            ],
            "authors": [
                {
                    "name": "Bulat Shakirzyanov",
                    "email": "mallluhuct@gmail.com",
                    "homepage": "http://avalanche123.com"
                }
            ],
            "description": "Image processing for PHP",
            "homepage": "http://imagine.readthedocs.org/",
            "keywords": [
                "drawing",
                "graphics",
                "image manipulation",
                "image processing"
            ],
            "support": {
                "issues": "https://github.com/php-imagine/Imagine/issues",
                "source": "https://github.com/php-imagine/Imagine/tree/1.5.4"
            },
            "time": "2026-06-04T10:05:48+00:00"
        }
    ],
    "packages-dev": [],
    "aliases": [],
    "minimum-stability": "stable",
    "stability-flags": {},
    "prefer-stable": false,
    "prefer-lowest": false,
    "platform": {},
    "platform-dev": {},
    "plugin-api-version": "2.9.0"
}
